
Microsoft Visual Studio Solution File, Format Version 12.00
# Visual Studio Version 17
VisualStudioVersion = 17.1.32319.34
MinimumVisualStudioVersion = 10.0.40219.1
Project("{9A19103F-16F7-4668-BE54-9A1E7A4F7556}") = "GharbiaUtilitiesManagement.Services", "UtilitiesManagement.Services\GharbiaUtilitiesManagement.Services.csproj", "{ED354FC2-4FA0-456C-9443-5F610E0AF4E8}"
EndProject
Project("{9A19103F-16F7-4668-BE54-9A1E7A4F7556}") = "GharbiaUtilitiesManagement.Api", "UtilitiesManagement.Api\GharbiaUtilitiesManagement.Api.csproj", "{33BFFA66-0B90-4555-A62C-AEF0426ED1EE}"
EndProject
Project("{9A19103F-16F7-4668-BE54-9A1E7A4F7556}") = "GharbiaUtilitiesManagement.Domain", "UtilitiesManagement.Domain\GharbiaUtilitiesManagement.Domain.csproj", "{40786D41-B6B3-4B3E-94BF-63EA1D0F9D3F}"
EndProject
Project("{9A19103F-16F7-4668-BE54-9A1E7A4F7556}") = "GharbiaUtilitiesManagement.DataAccess", "UtilitiesManagement.DataAccess\GharbiaUtilitiesManagement.DataAccess.csproj", "{24349ED3-D9E4-49C8-8D4B-E7A658346B40}"
EndProject
Global
	GlobalSection(SolutionConfigurationPlatforms) = preSolution
		Debug|Any CPU = Debug|Any CPU
		Release|Any CPU = Release|Any CPU
	EndGlobalSection
	GlobalSection(ProjectConfigurationPlatforms) = postSolution
		{ED354FC2-4FA0-456C-9443-5F610E0AF4E8}.Debug|Any CPU.ActiveCfg = Debug|Any CPU
		{ED354FC2-4FA0-456C-9443-5F610E0AF4E8}.Debug|Any CPU.Build.0 = Debug|Any CPU
		{ED354FC2-4FA0-456C-9443-5F610E0AF4E8}.Release|Any CPU.ActiveCfg = Release|Any CPU
		{ED354FC2-4FA0-456C-9443-5F610E0AF4E8}.Release|Any CPU.Build.0 = Release|Any CPU
		{33BFFA66-0B90-4555-A62C-AEF0426ED1EE}.Debug|Any CPU.ActiveCfg = Debug|Any CPU
		{33BFFA66-0B90-4555-A62C-AEF0426ED1EE}.Debug|Any CPU.Build.0 = Debug|Any CPU
		{33BFFA66-0B90-4555-A62C-AEF0426ED1EE}.Release|Any CPU.ActiveCfg = Release|Any CPU
		{33BFFA66-0B90-4555-A62C-AEF0426ED1EE}.Release|Any CPU.Build.0 = Release|Any CPU
		{40786D41-B6B3-4B3E-94BF-63EA1D0F9D3F}.Debug|Any CPU.ActiveCfg = Debug|Any CPU
		{40786D41-B6B3-4B3E-94BF-63EA1D0F9D3F}.Debug|Any CPU.Build.0 = Debug|Any CPU
		{40786D41-B6B3-4B3E-94BF-63EA1D0F9D3F}.Release|Any CPU.ActiveCfg = Release|Any CPU
		{40786D41-B6B3-4B3E-94BF-63EA1D0F9D3F}.Release|Any CPU.Build.0 = Release|Any CPU
		{24349ED3-D9E4-49C8-8D4B-E7A658346B40}.Debug|Any CPU.ActiveCfg = Debug|Any CPU
		{24349ED3-D9E4-49C8-8D4B-E7A658346B40}.Debug|Any CPU.Build.0 = Debug|Any CPU
		{24349ED3-D9E4-49C8-8D4B-E7A658346B40}.Release|Any CPU.ActiveCfg = Release|Any CPU
		{24349ED3-D9E4-49C8-8D4B-E7A658346B40}.Release|Any CPU.Build.0 = Release|Any CPU
	EndGlobalSection
	GlobalSection(SolutionProperties) = preSolution
		HideSolutionNode = FALSE
	EndGlobalSection
	GlobalSection(ExtensibilityGlobals) = postSolution
		SolutionGuid = {193585D2-AA2D-4740-BE55-B4B35028A290}
	EndGlobalSection
EndGlobal
